// !$*UTF8*$!
{
	archiveVersion = 1;
	classes = {
	};
	objectVersion = 50;
	objects = {

/* Begin PBXBuildFile section */
		B83F4A122459294300DB041C /* RecipeListTests.swift in Sources */ = {isa = PBXBuildFile; fileRef = B83F4A112459294300DB041C /* RecipeListTests.swift */; };
		B83F4A1424592E5000DB041C /* RecipeListTableViewCell.swift in Sources */ = {isa = PBXBuildFile; fileRef = B83F4A1324592E5000DB041C /* RecipeListTableViewCell.swift */; };
		B85129E524580F08000696B2 /* AddNewRecipeViewController.swift in Sources */ = {isa = PBXBuildFile; fileRef = B85129E424580F08000696B2 /* AddNewRecipeViewController.swift */; };
		B865A42A2458177C007DB667 /* recipetypes.xml in Resources */ = {isa = PBXBuildFile; fileRef = B865A4292458177C007DB667 /* recipetypes.xml */; };
		B865A42E24581973007DB667 /* RecipeTypeWorker.swift in Sources */ = {isa = PBXBuildFile; fileRef = B865A42D24581973007DB667 /* RecipeTypeWorker.swift */; };
		B865A43024581A2A007DB667 /* RecipeTypeTests.swift in Sources */ = {isa = PBXBuildFile; fileRef = B865A42F24581A29007DB667 /* RecipeTypeTests.swift */; };
		B865A43224582144007DB667 /* RecipeTypeModels.swift in Sources */ = {isa = PBXBuildFile; fileRef = B865A43124582144007DB667 /* RecipeTypeModels.swift */; };
		B865A434245828BA007DB667 /* RecipeTypeViewController+PickerView.swift in Sources */ = {isa = PBXBuildFile; fileRef = B865A433245828BA007DB667 /* RecipeTypeViewController+PickerView.swift */; };
		B865A436245850FF007DB667 /* UIApplication+Utility.swift in Sources */ = {isa = PBXBuildFile; fileRef = B865A435245850FF007DB667 /* UIApplication+Utility.swift */; };
		B898F462245866360064C6F0 /* RecipeListViewController+TableView.swift in Sources */ = {isa = PBXBuildFile; fileRef = B898F461245866360064C6F0 /* RecipeListViewController+TableView.swift */; };
		B898F464245866880064C6F0 /* RecipeListModels.swift in Sources */ = {isa = PBXBuildFile; fileRef = B898F463245866880064C6F0 /* RecipeListModels.swift */; };
		B898F4672458740F0064C6F0 /* RecipeListWorker.swift in Sources */ = {isa = PBXBuildFile; fileRef = B898F4662458740F0064C6F0 /* RecipeListWorker.swift */; };
		B89DF1712457E2D400A02F62 /* AppDelegate.swift in Sources */ = {isa = PBXBuildFile; fileRef = B89DF1702457E2D400A02F62 /* AppDelegate.swift */; };
		B89DF1732457E2D400A02F62 /* SceneDelegate.swift in Sources */ = {isa = PBXBuildFile; fileRef = B89DF1722457E2D400A02F62 /* SceneDelegate.swift */; };
		B89DF1752457E2D400A02F62 /* RecipeListViewController.swift in Sources */ = {isa = PBXBuildFile; fileRef = B89DF1742457E2D400A02F62 /* RecipeListViewController.swift */; };
		B89DF1782457E2D400A02F62 /* Main.storyboard in Resources */ = {isa = PBXBuildFile; fileRef = B89DF1762457E2D400A02F62 /* Main.storyboard */; };
		B89DF17A2457E2D600A02F62 /* Assets.xcassets in Resources */ = {isa = PBXBuildFile; fileRef = B89DF1792457E2D600A02F62 /* Assets.xcassets */; };
		B89DF17D2457E2D600A02F62 /* LaunchScreen.storyboard in Resources */ = {isa = PBXBuildFile; fileRef = B89DF17B2457E2D600A02F62 /* LaunchScreen.storyboard */; };
		B89DF1952457F09900A02F62 /* RecipeListViewController+Routes.swift in Sources */ = {isa = PBXBuildFile; fileRef = B89DF1942457F09900A02F62 /* RecipeListViewController+Routes.swift */; };
		B89DF1982457F2F400A02F62 /* RecipeTypeViewController.swift in Sources */ = {isa = PBXBuildFile; fileRef = B89DF1972457F2F400A02F62 /* RecipeTypeViewController.swift */; };
		B89DF19C2457F5C000A02F62 /* Constants.swift in Sources */ = {isa = PBXBuildFile; fileRef = B89DF19B2457F5C000A02F62 /* Constants.swift */; };
		B89DF19E2457F82C00A02F62 /* RecipeTypeViewController+Routes.swift in Sources */ = {isa = PBXBuildFile; fileRef = B89DF19D2457F82C00A02F62 /* RecipeTypeViewController+Routes.swift */; };
		B89DF1A0245809A100A02F62 /* RecipeDetailViewController.swift in Sources */ = {isa = PBXBuildFile; fileRef = B89DF19F245809A100A02F62 /* RecipeDetailViewController.swift */; };
		B8D857A82458591A0070027A /* DataStoreManager.swift in Sources */ = {isa = PBXBuildFile; fileRef = B8D857A72458591A0070027A /* DataStoreManager.swift */; };
		B8D857AB24585E830070027A /* Seeds.swift in Sources */ = {isa = PBXBuildFile; fileRef = B8D857AA24585E830070027A /* Seeds.swift */; };
/* End PBXBuildFile section */

/* Begin PBXContainerItemProxy section */
		B89DF1842457E2D600A02F62 /* PBXContainerItemProxy */ = {
			isa = PBXContainerItemProxy;
			containerPortal = B89DF1652457E2D400A02F62 /* Project object */;
			proxyType = 1;
			remoteGlobalIDString = B89DF16C2457E2D400A02F62;
			remoteInfo = RecipeApp;
		};
/* End PBXContainerItemProxy section */

/* Begin PBXFileReference section */
		B83F4A112459294300DB041C /* RecipeListTests.swift */ = {isa = PBXFileReference; lastKnownFileType = sourcecode.swift; path = RecipeListTests.swift; sourceTree = "<group>"; };
		B83F4A1324592E5000DB041C /* RecipeListTableViewCell.swift */ = {isa = PBXFileReference; lastKnownFileType = sourcecode.swift; path = RecipeListTableViewCell.swift; sourceTree = "<group>"; };
		B85129E424580F08000696B2 /* AddNewRecipeViewController.swift */ = {isa = PBXFileReference; lastKnownFileType = sourcecode.swift; path = AddNewRecipeViewController.swift; sourceTree = "<group>"; };
		B865A4292458177C007DB667 /* recipetypes.xml */ = {isa = PBXFileReference; fileEncoding = 4; lastKnownFileType = text.xml; path = recipetypes.xml; sourceTree = "<group>"; };
		B865A42D24581973007DB667 /* RecipeTypeWorker.swift */ = {isa = PBXFileReference; lastKnownFileType = sourcecode.swift; path = RecipeTypeWorker.swift; sourceTree = "<group>"; };
		B865A42F24581A29007DB667 /* RecipeTypeTests.swift */ = {isa = PBXFileReference; lastKnownFileType = sourcecode.swift; path = RecipeTypeTests.swift; sourceTree = "<group>"; };
		B865A43124582144007DB667 /* RecipeTypeModels.swift */ = {isa = PBXFileReference; lastKnownFileType = sourcecode.swift; path = RecipeTypeModels.swift; sourceTree = "<group>"; };
		B865A433245828BA007DB667 /* RecipeTypeViewController+PickerView.swift */ = {isa = PBXFileReference; lastKnownFileType = sourcecode.swift; path = "RecipeTypeViewController+PickerView.swift"; sourceTree = "<group>"; };
		B865A435245850FF007DB667 /* UIApplication+Utility.swift */ = {isa = PBXFileReference; lastKnownFileType = sourcecode.swift; path = "UIApplication+Utility.swift"; sourceTree = "<group>"; };
		B898F461245866360064C6F0 /* RecipeListViewController+TableView.swift */ = {isa = PBXFileReference; lastKnownFileType = sourcecode.swift; path = "RecipeListViewController+TableView.swift"; sourceTree = "<group>"; };
		B898F463245866880064C6F0 /* RecipeListModels.swift */ = {isa = PBXFileReference; lastKnownFileType = sourcecode.swift; path = RecipeListModels.swift; sourceTree = "<group>"; };
		B898F4662458740F0064C6F0 /* RecipeListWorker.swift */ = {isa = PBXFileReference; lastKnownFileType = sourcecode.swift; path = RecipeListWorker.swift; sourceTree = "<group>"; };
		B89DF16D2457E2D400A02F62 /* RecipeApp.app */ = {isa = PBXFileReference; explicitFileType = wrapper.application; includeInIndex = 0; path = RecipeApp.app; sourceTree = BUILT_PRODUCTS_DIR; };
		B89DF1702457E2D400A02F62 /* AppDelegate.swift */ = {isa = PBXFileReference; lastKnownFileType = sourcecode.swift; path = AppDelegate.swift; sourceTree = "<group>"; };
		B89DF1722457E2D400A02F62 /* SceneDelegate.swift */ = {isa = PBXFileReference; lastKnownFileType = sourcecode.swift; path = SceneDelegate.swift; sourceTree = "<group>"; };
		B89DF1742457E2D400A02F62 /* RecipeListViewController.swift */ = {isa = PBXFileReference; lastKnownFileType = sourcecode.swift; path = RecipeListViewController.swift; sourceTree = "<group>"; };
		B89DF1772457E2D400A02F62 /* Base */ = {isa = PBXFileReference; lastKnownFileType = file.storyboard; name = Base; path = Base.lproj/Main.storyboard; sourceTree = "<group>"; };
		B89DF1792457E2D600A02F62 /* Assets.xcassets */ = {isa = PBXFileReference; lastKnownFileType = folder.assetcatalog; path = Assets.xcassets; sourceTree = "<group>"; };
		B89DF17C2457E2D600A02F62 /* Base */ = {isa = PBXFileReference; lastKnownFileType = file.storyboard; name = Base; path = Base.lproj/LaunchScreen.storyboard; sourceTree = "<group>"; };
		B89DF17E2457E2D600A02F62 /* Info.plist */ = {isa = PBXFileReference; lastKnownFileType = text.plist.xml; path = Info.plist; sourceTree = "<group>"; };
		B89DF1832457E2D600A02F62 /* RecipeAppTests.xctest */ = {isa = PBXFileReference; explicitFileType = wrapper.cfbundle; includeInIndex = 0; path = RecipeAppTests.xctest; sourceTree = BUILT_PRODUCTS_DIR; };
		B89DF1892457E2D600A02F62 /* Info.plist */ = {isa = PBXFileReference; lastKnownFileType = text.plist.xml; path = Info.plist; sourceTree = "<group>"; };
		B89DF1942457F09900A02F62 /* RecipeListViewController+Routes.swift */ = {isa = PBXFileReference; lastKnownFileType = sourcecode.swift; path = "RecipeListViewController+Routes.swift"; sourceTree = "<group>"; };
		B89DF1972457F2F400A02F62 /* RecipeTypeViewController.swift */ = {isa = PBXFileReference; lastKnownFileType = sourcecode.swift; path = RecipeTypeViewController.swift; sourceTree = "<group>"; };
		B89DF19B2457F5C000A02F62 /* Constants.swift */ = {isa = PBXFileReference; lastKnownFileType = sourcecode.swift; path = Constants.swift; sourceTree = "<group>"; };
		B89DF19D2457F82C00A02F62 /* RecipeTypeViewController+Routes.swift */ = {isa = PBXFileReference; lastKnownFileType = sourcecode.swift; path = "RecipeTypeViewController+Routes.swift"; sourceTree = "<group>"; };
		B89DF19F245809A100A02F62 /* RecipeDetailViewController.swift */ = {isa = PBXFileReference; lastKnownFileType = sourcecode.swift; path = RecipeDetailViewController.swift; sourceTree = "<group>"; };
		B8D857A72458591A0070027A /* DataStoreManager.swift */ = {isa = PBXFileReference; lastKnownFileType = sourcecode.swift; path = DataStoreManager.swift; sourceTree = "<group>"; };
		B8D857AA24585E830070027A /* Seeds.swift */ = {isa = PBXFileReference; lastKnownFileType = sourcecode.swift; path = Seeds.swift; sourceTree = "<group>"; };
/* End PBXFileReference section */

/* Begin PBXFrameworksBuildPhase section */
		B89DF16A2457E2D400A02F62 /* Frameworks */ = {
			isa = PBXFrameworksBuildPhase;
			buildActionMask = 2147483647;
			files = (
			);
			runOnlyForDeploymentPostprocessing = 0;
		};
		B89DF1802457E2D600A02F62 /* Frameworks */ = {
			isa = PBXFrameworksBuildPhase;
			buildActionMask = 2147483647;
			files = (
			);
			runOnlyForDeploymentPostprocessing = 0;
		};
/* End PBXFrameworksBuildPhase section */

/* Begin PBXGroup section */
		B83F4A1524592E5700DB041C /* View */ = {
			isa = PBXGroup;
			children = (
				B83F4A1324592E5000DB041C /* RecipeListTableViewCell.swift */,
			);
			path = View;
			sourceTree = "<group>";
		};
		B85129E624580F0C000696B2 /* Add New Recipe */ = {
			isa = PBXGroup;
			children = (
				B85129E424580F08000696B2 /* AddNewRecipeViewController.swift */,
			);
			path = "Add New Recipe";
			sourceTree = "<group>";
		};
		B865A42824581255007DB667 /* Assets */ = {
			isa = PBXGroup;
			children = (
				B89DF1792457E2D600A02F62 /* Assets.xcassets */,
				B865A4292458177C007DB667 /* recipetypes.xml */,
			);
			path = Assets;
			sourceTree = "<group>";
		};
		B865A43724585106007DB667 /* Extension */ = {
			isa = PBXGroup;
			children = (
				B865A435245850FF007DB667 /* UIApplication+Utility.swift */,
			);
			path = Extension;
			sourceTree = "<group>";
		};
		B89DF1642457E2D400A02F62 = {
			isa = PBXGroup;
			children = (
				B89DF16F2457E2D400A02F62 /* RecipeApp */,
				B89DF1862457E2D600A02F62 /* RecipeAppTests */,
				B89DF16E2457E2D400A02F62 /* Products */,
			);
			sourceTree = "<group>";
		};
		B89DF16E2457E2D400A02F62 /* Products */ = {
			isa = PBXGroup;
			children = (
				B89DF16D2457E2D400A02F62 /* RecipeApp.app */,
				B89DF1832457E2D600A02F62 /* RecipeAppTests.xctest */,
			);
			name = Products;
			sourceTree = "<group>";
		};
		B89DF16F2457E2D400A02F62 /* RecipeApp */ = {
			isa = PBXGroup;
			children = (
				B89DF1922457EE8600A02F62 /* Shared */,
				B89DF1932457EEA100A02F62 /* Modules */,
				B89DF17E2457E2D600A02F62 /* Info.plist */,
			);
			path = RecipeApp;
			sourceTree = "<group>";
		};
		B89DF1862457E2D600A02F62 /* RecipeAppTests */ = {
			isa = PBXGroup;
			children = (
				B83F4A112459294300DB041C /* RecipeListTests.swift */,
				B865A42F24581A29007DB667 /* RecipeTypeTests.swift */,
				B89DF1892457E2D600A02F62 /* Info.plist */,
			);
			path = RecipeAppTests;
			sourceTree = "<group>";
		};
		B89DF1922457EE8600A02F62 /* Shared */ = {
			isa = PBXGroup;
			children = (
				B89DF19A2457F5AE00A02F62 /* Main */,
				B865A42824581255007DB667 /* Assets */,
				B865A43724585106007DB667 /* Extension */,
				B8D857A924585E5B0070027A /* Data Store */,
				B89DF19B2457F5C000A02F62 /* Constants.swift */,
			);
			path = Shared;
			sourceTree = "<group>";
		};
		B89DF1932457EEA100A02F62 /* Modules */ = {
			isa = PBXGroup;
			children = (
				B89DF17B2457E2D600A02F62 /* LaunchScreen.storyboard */,
				B89DF1762457E2D400A02F62 /* Main.storyboard */,
				B89DF1962457F0A400A02F62 /* Recipe List */,
				B89DF1A1245809A500A02F62 /* RecipeDetail */,
				B85129E624580F0C000696B2 /* Add New Recipe */,
				B89DF1992457F2F900A02F62 /* Recipe Type */,
			);
			path = Modules;
			sourceTree = "<group>";
		};
		B89DF1962457F0A400A02F62 /* Recipe List */ = {
			isa = PBXGroup;
			children = (
				B83F4A1524592E5700DB041C /* View */,
				B89DF1742457E2D400A02F62 /* RecipeListViewController.swift */,
				B898F461245866360064C6F0 /* RecipeListViewController+TableView.swift */,
				B89DF1942457F09900A02F62 /* RecipeListViewController+Routes.swift */,
				B898F463245866880064C6F0 /* RecipeListModels.swift */,
				B898F4662458740F0064C6F0 /* RecipeListWorker.swift */,
			);
			path = "Recipe List";
			sourceTree = "<group>";
		};
		B89DF1992457F2F900A02F62 /* Recipe Type */ = {
			isa = PBXGroup;
			children = (
				B89DF1972457F2F400A02F62 /* RecipeTypeViewController.swift */,
				B865A433245828BA007DB667 /* RecipeTypeViewController+PickerView.swift */,
				B89DF19D2457F82C00A02F62 /* RecipeTypeViewController+Routes.swift */,
				B865A43124582144007DB667 /* RecipeTypeModels.swift */,
				B865A42D24581973007DB667 /* RecipeTypeWorker.swift */,
			);
			path = "Recipe Type";
			sourceTree = "<group>";
		};
		B89DF19A2457F5AE00A02F62 /* Main */ = {
			isa = PBXGroup;
			children = (
				B89DF1702457E2D400A02F62 /* AppDelegate.swift */,
				B89DF1722457E2D400A02F62 /* SceneDelegate.swift */,
			);
			path = Main;
			sourceTree = "<group>";
		};
		B89DF1A1245809A500A02F62 /* RecipeDetail */ = {
			isa = PBXGroup;
			children = (
				B89DF19F245809A100A02F62 /* RecipeDetailViewController.swift */,
			);
			path = RecipeDetail;
			sourceTree = "<group>";
		};
		B8D857A924585E5B0070027A /* Data Store */ = {
			isa = PBXGroup;
			children = (
				B8D857A72458591A0070027A /* DataStoreManager.swift */,
				B8D857AA24585E830070027A /* Seeds.swift */,
			);
			path = "Data Store";
			sourceTree = "<group>";
		};
/* End PBXGroup section */

/* Begin PBXNativeTarget section */
		B89DF16C2457E2D400A02F62 /* RecipeApp */ = {
			isa = PBXNativeTarget;
			buildConfigurationList = B89DF18C2457E2D600A02F62 /* Build configuration list for PBXNativeTarget "RecipeApp" */;
			buildPhases = (
				B89DF1692457E2D400A02F62 /* Sources */,
				B89DF16A2457E2D400A02F62 /* Frameworks */,
				B89DF16B2457E2D400A02F62 /* Resources */,
			);
			buildRules = (
			);
			dependencies = (
			);
			name = RecipeApp;
			productName = RecipeApp;
			productReference = B89DF16D2457E2D400A02F62 /* RecipeApp.app */;
			productType = "com.apple.product-type.application";
		};
		B89DF1822457E2D600A02F62 /* RecipeAppTests */ = {
			isa = PBXNativeTarget;
			buildConfigurationList = B89DF18F2457E2D600A02F62 /* Build configuration list for PBXNativeTarget "RecipeAppTests" */;
			buildPhases = (
				B89DF17F2457E2D600A02F62 /* Sources */,
				B89DF1802457E2D600A02F62 /* Frameworks */,
				B89DF1812457E2D600A02F62 /* Resources */,
			);
			buildRules = (
			);
			dependencies = (
				B89DF1852457E2D600A02F62 /* PBXTargetDependency */,
			);
			name = RecipeAppTests;
			productName = RecipeAppTests;
			productReference = B89DF1832457E2D600A02F62 /* RecipeAppTests.xctest */;
			productType = "com.apple.product-type.bundle.unit-test";
		};
/* End PBXNativeTarget section */

/* Begin PBXProject section */
		B89DF1652457E2D400A02F62 /* Project object */ = {
			isa = PBXProject;
			attributes = {
				LastSwiftUpdateCheck = 1140;
				LastUpgradeCheck = 1140;
				ORGANIZATIONNAME = "Zaid M. Said";
				TargetAttributes = {
					B89DF16C2457E2D400A02F62 = {
						CreatedOnToolsVersion = 11.4.1;
					};
					B89DF1822457E2D600A02F62 = {
						CreatedOnToolsVersion = 11.4.1;
						TestTargetID = B89DF16C2457E2D400A02F62;
					};
				};
			};
			buildConfigurationList = B89DF1682457E2D400A02F62 /* Build configuration list for PBXProject "RecipeApp" */;
			compatibilityVersion = "Xcode 9.3";
			developmentRegion = en;
			hasScannedForEncodings = 0;
			knownRegions = (
				en,
				Base,
			);
			mainGroup = B89DF1642457E2D400A02F62;
			productRefGroup = B89DF16E2457E2D400A02F62 /* Products */;
			projectDirPath = "";
			projectRoot = "";
			targets = (
				B89DF16C2457E2D400A02F62 /* RecipeApp */,
				B89DF1822457E2D600A02F62 /* RecipeAppTests */,
			);
		};
/* End PBXProject section */

/* Begin PBXResourcesBuildPhase section */
		B89DF16B2457E2D400A02F62 /* Resources */ = {
			isa = PBXResourcesBuildPhase;
			buildActionMask = 2147483647;
			files = (
				B89DF17D2457E2D600A02F62 /* LaunchScreen.storyboard in Resources */,
				B89DF17A2457E2D600A02F62 /* Assets.xcassets in Resources */,
				B89DF1782457E2D400A02F62 /* Main.storyboard in Resources */,
				B865A42A2458177C007DB667 /* recipetypes.xml in Resources */,
			);
			runOnlyForDeploymentPostprocessing = 0;
		};
		B89DF1812457E2D600A02F62 /* Resources */ = {
			isa = PBXResourcesBuildPhase;
			buildActionMask = 2147483647;
			files = (
			);
			runOnlyForDeploymentPostprocessing = 0;
		};
/* End PBXResourcesBuildPhase section */

/* Begin PBXSourcesBuildPhase section */
		B89DF1692457E2D400A02F62 /* Sources */ = {
			isa = PBXSourcesBuildPhase;
			buildActionMask = 2147483647;
			files = (
				B89DF1952457F09900A02F62 /* RecipeListViewController+Routes.swift in Sources */,
				B865A43224582144007DB667 /* RecipeTypeModels.swift in Sources */,
				B865A436245850FF007DB667 /* UIApplication+Utility.swift in Sources */,
				B898F464245866880064C6F0 /* RecipeListModels.swift in Sources */,
				B89DF19E2457F82C00A02F62 /* RecipeTypeViewController+Routes.swift in Sources */,
				B898F462245866360064C6F0 /* RecipeListViewController+TableView.swift in Sources */,
				B85129E524580F08000696B2 /* AddNewRecipeViewController.swift in Sources */,
				B89DF1A0245809A100A02F62 /* RecipeDetailViewController.swift in Sources */,
				B83F4A1424592E5000DB041C /* RecipeListTableViewCell.swift in Sources */,
				B865A434245828BA007DB667 /* RecipeTypeViewController+PickerView.swift in Sources */,
				B898F4672458740F0064C6F0 /* RecipeListWorker.swift in Sources */,
				B89DF1752457E2D400A02F62 /* RecipeListViewController.swift in Sources */,
				B8D857AB24585E830070027A /* Seeds.swift in Sources */,
				B89DF1712457E2D400A02F62 /* AppDelegate.swift in Sources */,
				B89DF1982457F2F400A02F62 /* RecipeTypeViewController.swift in Sources */,
				B89DF1732457E2D400A02F62 /* SceneDelegate.swift in Sources */,
				B8D857A82458591A0070027A /* DataStoreManager.swift in Sources */,
				B89DF19C2457F5C000A02F62 /* Constants.swift in Sources */,
				B865A42E24581973007DB667 /* RecipeTypeWorker.swift in Sources */,
			);
			runOnlyForDeploymentPostprocessing = 0;
		};
		B89DF17F2457E2D600A02F62 /* Sources */ = {
			isa = PBXSourcesBuildPhase;
			buildActionMask = 2147483647;
			files = (
				B865A43024581A2A007DB667 /* RecipeTypeTests.swift in Sources */,
				B83F4A122459294300DB041C /* RecipeListTests.swift in Sources */,
			);
			runOnlyForDeploymentPostprocessing = 0;
		};
/* End PBXSourcesBuildPhase section */

/* Begin PBXTargetDependency section */
		B89DF1852457E2D600A02F62 /* PBXTargetDependency */ = {
			isa = PBXTargetDependency;
			target = B89DF16C2457E2D400A02F62 /* RecipeApp */;
			targetProxy = B89DF1842457E2D600A02F62 /* PBXContainerItemProxy */;
		};
/* End PBXTargetDependency section */

/* Begin PBXVariantGroup section */
		B89DF1762457E2D400A02F62 /* Main.storyboard */ = {
			isa = PBXVariantGroup;
			children = (
				B89DF1772457E2D400A02F62 /* Base */,
			);
			name = Main.storyboard;
			sourceTree = "<group>";
		};
		B89DF17B2457E2D600A02F62 /* LaunchScreen.storyboard */ = {
			isa = PBXVariantGroup;
			children = (
				B89DF17C2457E2D600A02F62 /* Base */,
			);
			name = LaunchScreen.storyboard;
			sourceTree = "<group>";
		};
/* End PBXVariantGroup section */

/* Begin XCBuildConfiguration section */
		B89DF18A2457E2D600A02F62 /* Debug */ = {
			isa = XCBuildConfiguration;
			buildSettings = {
				ALWAYS_SEARCH_USER_PATHS = NO;
				CLANG_ANALYZER_NONNULL = YES;
				CLANG_ANALYZER_NUMBER_OBJECT_CONVERSION = YES_AGGRESSIVE;
				CLANG_CXX_LANGUAGE_STANDARD = "gnu++14";
				CLANG_CXX_LIBRARY = "libc++";
				CLANG_ENABLE_MODULES = YES;
				CLANG_ENABLE_OBJC_ARC = YES;
				CLANG_ENABLE_OBJC_WEAK = YES;
				CLANG_WARN_BLOCK_CAPTURE_AUTORELEASING = YES;
				CLANG_WARN_BOOL_CONVERSION = YES;
				CLANG_WARN_COMMA = YES;
				CLANG_WARN_CONSTANT_CONVERSION = YES;
				CLANG_WARN_DEPRECATED_OBJC_IMPLEMENTATIONS = YES;
				CLANG_WARN_DIRECT_OBJC_ISA_USAGE = YES_ERROR;
				CLANG_WARN_DOCUMENTATION_COMMENTS = YES;
				CLANG_WARN_EMPTY_BODY = YES;
				CLANG_WARN_ENUM_CONVERSION = YES;
				CLANG_WARN_INFINITE_RECURSION = YES;
				CLANG_WARN_INT_CONVERSION = YES;
				CLANG_WARN_NON_LITERAL_NULL_CONVERSION = YES;
				CLANG_WARN_OBJC_IMPLICIT_RETAIN_SELF = YES;
				CLANG_WARN_OBJC_LITERAL_CONVERSION = YES;
				CLANG_WARN_OBJC_ROOT_CLASS = YES_ERROR;
				CLANG_WARN_RANGE_LOOP_ANALYSIS = YES;
				CLANG_WARN_STRICT_PROTOTYPES = YES;
				CLANG_WARN_SUSPICIOUS_MOVE = YES;
				CLANG_WARN_UNGUARDED_AVAILABILITY = YES_AGGRESSIVE;
				CLANG_WARN_UNREACHABLE_CODE = YES;
				CLANG_WARN__DUPLICATE_METHOD_MATCH = YES;
				COPY_PHASE_STRIP = NO;
				DEBUG_INFORMATION_FORMAT = dwarf;
				ENABLE_STRICT_OBJC_MSGSEND = YES;
				ENABLE_TESTABILITY = YES;
				GCC_C_LANGUAGE_STANDARD = gnu11;
				GCC_DYNAMIC_NO_PIC = NO;
				GCC_NO_COMMON_BLOCKS = YES;
				GCC_OPTIMIZATION_LEVEL = 0;
				GCC_PREPROCESSOR_DEFINITIONS = (
					"DEBUG=1",
					"$(inherited)",
				);
				GCC_WARN_64_TO_32_BIT_CONVERSION = YES;
				GCC_WARN_ABOUT_RETURN_TYPE = YES_ERROR;
				GCC_WARN_UNDECLARED_SELECTOR = YES;
				GCC_WARN_UNINITIALIZED_AUTOS = YES_AGGRESSIVE;
				GCC_WARN_UNUSED_FUNCTION = YES;
				GCC_WARN_UNUSED_VARIABLE = YES;
				IPHONEOS_DEPLOYMENT_TARGET = 13.4;
				MTL_ENABLE_DEBUG_INFO = INCLUDE_SOURCE;
				MTL_FAST_MATH = YES;
				ONLY_ACTIVE_ARCH = YES;
				SDKROOT = iphoneos;
				SWIFT_ACTIVE_COMPILATION_CONDITIONS = DEBUG;
				SWIFT_OPTIMIZATION_LEVEL = "-Onone";
			};
			name = Debug;
		};
		B89DF18B2457E2D600A02F62 /* Release */ = {
			isa = XCBuildConfiguration;
			buildSettings = {
				ALWAYS_SEARCH_USER_PATHS = NO;
				CLANG_ANALYZER_NONNULL = YES;
				CLANG_ANALYZER_NUMBER_OBJECT_CONVERSION = YES_AGGRESSIVE;
				CLANG_CXX_LANGUAGE_STANDARD = "gnu++14";
				CLANG_CXX_LIBRARY = "libc++";
				CLANG_ENABLE_MODULES = YES;
				CLANG_ENABLE_OBJC_ARC = YES;
				CLANG_ENABLE_OBJC_WEAK = YES;
				CLANG_WARN_BLOCK_CAPTURE_AUTORELEASING = YES;
				CLANG_WARN_BOOL_CONVERSION = YES;
				CLANG_WARN_COMMA = YES;
				CLANG_WARN_CONSTANT_CONVERSION = YES;
				CLANG_WARN_DEPRECATED_OBJC_IMPLEMENTATIONS = YES;
				CLANG_WARN_DIRECT_OBJC_ISA_USAGE = YES_ERROR;
				CLANG_WARN_DOCUMENTATION_COMMENTS = YES;
				CLANG_WARN_EMPTY_BODY = YES;
				CLANG_WARN_ENUM_CONVERSION = YES;
				CLANG_WARN_INFINITE_RECURSION = YES;
				CLANG_WARN_INT_CONVERSION = YES;
				CLANG_WARN_NON_LITERAL_NULL_CONVERSION = YES;
				CLANG_WARN_OBJC_IMPLICIT_RETAIN_SELF = YES;
				CLANG_WARN_OBJC_LITERAL_CONVERSION = YES;
				CLANG_WARN_OBJC_ROOT_CLASS = YES_ERROR;
				CLANG_WARN_RANGE_LOOP_ANALYSIS = YES;
				CLANG_WARN_STRICT_PROTOTYPES = YES;
				CLANG_WARN_SUSPICIOUS_MOVE = YES;
				CLANG_WARN_UNGUARDED_AVAILABILITY = YES_AGGRESSIVE;
				CLANG_WARN_UNREACHABLE_CODE = YES;
				CLANG_WARN__DUPLICATE_METHOD_MATCH = YES;
				COPY_PHASE_STRIP = NO;
				DEBUG_INFORMATION_FORMAT = "dwarf-with-dsym";
				ENABLE_NS_ASSERTIONS = NO;
				ENABLE_STRICT_OBJC_MSGSEND = YES;
				GCC_C_LANGUAGE_STANDARD = gnu11;
				GCC_NO_COMMON_BLOCKS = YES;
				GCC_WARN_64_TO_32_BIT_CONVERSION = YES;
				GCC_WARN_ABOUT_RETURN_TYPE = YES_ERROR;
				GCC_WARN_UNDECLARED_SELECTOR = YES;
				GCC_WARN_UNINITIALIZED_AUTOS = YES_AGGRESSIVE;
				GCC_WARN_UNUSED_FUNCTION = YES;
				GCC_WARN_UNUSED_VARIABLE = YES;
				IPHONEOS_DEPLOYMENT_TARGET = 13.4;
				MTL_ENABLE_DEBUG_INFO = NO;
				MTL_FAST_MATH = YES;
				SDKROOT = iphoneos;
				SWIFT_COMPILATION_MODE = wholemodule;
				SWIFT_OPTIMIZATION_LEVEL = "-O";
				VALIDATE_PRODUCT = YES;
			};
			name = Release;
		};
		B89DF18D2457E2D600A02F62 /* Debug */ = {
			isa = XCBuildConfiguration;
			buildSettings = {
				ASSETCATALOG_COMPILER_APPICON_NAME = AppIcon;
				CODE_SIGN_STYLE = Automatic;
				DEVELOPMENT_TEAM = CH72SXNYZ3;
				INFOPLIST_FILE = RecipeApp/Info.plist;
				LD_RUNPATH_SEARCH_PATHS = (
					"$(inherited)",
					"@executable_path/Frameworks",
				);
				PRODUCT_BUNDLE_IDENTIFIER = com.sentulasia.RecipeApp;
				PRODUCT_NAME = "$(TARGET_NAME)";
				SWIFT_VERSION = 5.0;
				TARGETED_DEVICE_FAMILY = "1,2";
			};
			name = Debug;
		};
		B89DF18E2457E2D600A02F62 /* Release */ = {
			isa = XCBuildConfiguration;
			buildSettings = {
				ASSETCATALOG_COMPILER_APPICON_NAME = AppIcon;
				CODE_SIGN_STYLE = Automatic;
				DEVELOPMENT_TEAM = CH72SXNYZ3;
				INFOPLIST_FILE = RecipeApp/Info.plist;
				LD_RUNPATH_SEARCH_PATHS = (
					"$(inherited)",
					"@executable_path/Frameworks",
				);
				PRODUCT_BUNDLE_IDENTIFIER = com.sentulasia.RecipeApp;
				PRODUCT_NAME = "$(TARGET_NAME)";
				SWIFT_VERSION = 5.0;
				TARGETED_DEVICE_FAMILY = "1,2";
			};
			name = Release;
		};
		B89DF1902457E2D600A02F62 /* Debug */ = {
			isa = XCBuildConfiguration;
			buildSettings = {
				ALWAYS_EMBED_SWIFT_STANDARD_LIBRARIES = YES;
				BUNDLE_LOADER = "$(TEST_HOST)";
				CODE_SIGN_STYLE = Automatic;
				DEVELOPMENT_TEAM = CH72SXNYZ3;
				INFOPLIST_FILE = RecipeAppTests/Info.plist;
				IPHONEOS_DEPLOYMENT_TARGET = 13.4;
				LD_RUNPATH_SEARCH_PATHS = (
					"$(inherited)",
					"@executable_path/Frameworks",
					"@loader_path/Frameworks",
				);
				PRODUCT_BUNDLE_IDENTIFIER = com.sentulasia.RecipeAppTests;
				PRODUCT_NAME = "$(TARGET_NAME)";
				SWIFT_VERSION = 5.0;
				TARGETED_DEVICE_FAMILY = "1,2";
				TEST_HOST = "$(BUILT_PRODUCTS_DIR)/RecipeApp.app/RecipeApp";
			};
			name = Debug;
		};
		B89DF1912457E2D600A02F62 /* Release */ = {
			isa = XCBuildConfiguration;
			buildSettings = {
				ALWAYS_EMBED_SWIFT_STANDARD_LIBRARIES = YES;
				BUNDLE_LOADER = "$(TEST_HOST)";
				CODE_SIGN_STYLE = Automatic;
				DEVELOPMENT_TEAM = CH72SXNYZ3;
				INFOPLIST_FILE = RecipeAppTests/Info.plist;
				IPHONEOS_DEPLOYMENT_TARGET = 13.4;
				LD_RUNPATH_SEARCH_PATHS = (
					"$(inherited)",
					"@executable_path/Frameworks",
					"@loader_path/Frameworks",
				);
				PRODUCT_BUNDLE_IDENTIFIER = com.sentulasia.RecipeAppTests;
				PRODUCT_NAME = "$(TARGET_NAME)";
				SWIFT_VERSION = 5.0;
				TARGETED_DEVICE_FAMILY = "1,2";
				TEST_HOST = "$(BUILT_PRODUCTS_DIR)/RecipeApp.app/RecipeApp";
			};
			name = Release;
		};
/* End XCBuildConfiguration section */

/* Begin XCConfigurationList section */
		B89DF1682457E2D400A02F62 /* Build configuration list for PBXProject "RecipeApp" */ = {
			isa = XCConfigurationList;
			buildConfigurations = (
				B89DF18A2457E2D600A02F62 /* Debug */,
				B89DF18B2457E2D600A02F62 /* Release */,
			);
			defaultConfigurationIsVisible = 0;
			defaultConfigurationName = Release;
		};
		B89DF18C2457E2D600A02F62 /* Build configuration list for PBXNativeTarget "RecipeApp" */ = {
			isa = XCConfigurationList;
			buildConfigurations = (
				B89DF18D2457E2D600A02F62 /* Debug */,
				B89DF18E2457E2D600A02F62 /* Release */,
			);
			defaultConfigurationIsVisible = 0;
			defaultConfigurationName = Release;
		};
		B89DF18F2457E2D600A02F62 /* Build configuration list for PBXNativeTarget "RecipeAppTests" */ = {
			isa = XCConfigurationList;
			buildConfigurations = (
				B89DF1902457E2D600A02F62 /* Debug */,
				B89DF1912457E2D600A02F62 /* Release */,
			);
			defaultConfigurationIsVisible = 0;
			defaultConfigurationName = Release;
		};
/* End XCConfigurationList section */
	};
	rootObject = B89DF1652457E2D400A02F62 /* Project object */;
}
